
Microsoft Visual Studio Solution File, Format Version 12.00
# Visual Studio Version 16
VisualStudioVersion = 16.0.31402.337
MinimumVisualStudioVersion = 10.0.40219.1
Project("{FAE04EC0-301F-11D3-BF4B-00C04F79EFBC}") = "EsercizioUno", "EsercizioUno.csproj", "{530B4A60-EF24-4009-8C88-B55E2122B884}"
EndProject
Global
	GlobalSection(SolutionConfigurationPlatforms) = preSolution
		Debug|Any CPU = Debug|Any CPU
		Release|Any CPU = Release|Any CPU
	EndGlobalSection
	GlobalSection(ProjectConfigurationPlatforms) = postSolution
		{530B4A60-EF24-4009-8C88-B55E2122B884}.Debug|Any CPU.ActiveCfg = Debug|Any CPU
		{530B4A60-EF24-4009-8C88-B55E2122B884}.Debug|Any CPU.Build.0 = Debug|Any CPU
		{530B4A60-EF24-4009-8C88-B55E2122B884}.Release|Any CPU.ActiveCfg = Release|Any CPU
		{530B4A60-EF24-4009-8C88-B55E2122B884}.Release|Any CPU.Build.0 = Release|Any CPU
	EndGlobalSection
	GlobalSection(SolutionProperties) = preSolution
		HideSolutionNode = FALSE
	EndGlobalSection
	GlobalSection(ExtensibilityGlobals) = postSolution
		SolutionGuid = {54DC63BF-1732-4D0D-9D2D-EB14A74B3257}
	EndGlobalSection
EndGlobal
