
Microsoft Visual Studio Solution File, Format Version 12.00
# Visual Studio Version 17
VisualStudioVersion = 17.4.33103.184
MinimumVisualStudioVersion = 10.0.40219.1
Project("{FAE04EC0-301F-11D3-BF4B-00C04F79EFBC}") = "LaMaestraInGita", "LaMaestraInGita\LaMaestraInGita.csproj", "{C9FDA812-1CFE-420C-B745-03B2594F79DF}"
EndProject
Global
	GlobalSection(SolutionConfigurationPlatforms) = preSolution
		Debug|Any CPU = Debug|Any CPU
		Release|Any CPU = Release|Any CPU
	EndGlobalSection
	GlobalSection(ProjectConfigurationPlatforms) = postSolution
		{C9FDA812-1CFE-420C-B745-03B2594F79DF}.Debug|Any CPU.ActiveCfg = Debug|Any CPU
		{C9FDA812-1CFE-420C-B745-03B2594F79DF}.Debug|Any CPU.Build.0 = Debug|Any CPU
		{C9FDA812-1CFE-420C-B745-03B2594F79DF}.Release|Any CPU.ActiveCfg = Release|Any CPU
		{C9FDA812-1CFE-420C-B745-03B2594F79DF}.Release|Any CPU.Build.0 = Release|Any CPU
	EndGlobalSection
	GlobalSection(SolutionProperties) = preSolution
		HideSolutionNode = FALSE
	EndGlobalSection
	GlobalSection(ExtensibilityGlobals) = postSolution
		SolutionGuid = {5B0898AA-AA9D-46BD-A20A-22A6FD5BD7CB}
	EndGlobalSection
EndGlobal
